
Microsoft Visual Studio Solution File, Format Version 12.00
# Visual Studio Version 17
VisualStudioVersion = 17.9.34723.18
MinimumVisualStudioVersion = 10.0.40219.1
Project("{9A19103F-16F7-4668-BE54-9A1E7A4F7556}") = "Tester", "Tester\Tester.csproj", "{2882F4B6-BB83-468D-856B-B06EC5DB35A4}"
EndProject
Project("{2150E333-8FDC-42A3-9474-1A3956D46DE8}") = "5.UnitTest", "5.UnitTest", "{DE99194B-5DA2-4507-ACDC-1284C6A3B4C8}"
EndProject
Project("{2150E333-8FDC-42A3-9474-1A3956D46DE8}") = "1.EndPoint", "1.EndPoint", "{006F2386-E1DA-4EA9-A861-A36BDFE2AEB3}"
EndProject
Project("{2150E333-8FDC-42A3-9474-1A3956D46DE8}") = "2.Application", "2.Application", "{2A93B8A8-CD0D-464E-9B1B-1C5AE108D07B}"
EndProject
Project("{2150E333-8FDC-42A3-9474-1A3956D46DE8}") = "3.Domain", "3.Domain", "{FF552CC3-A409-45AB-8516-F3DF0FAA8966}"
EndProject
Project("{2150E333-8FDC-42A3-9474-1A3956D46DE8}") = "4.Infrastructure", "4.Infrastructure", "{893CB26B-270E-4FA2-B05D-872AD52FA1AF}"
EndProject
Project("{FAE04EC0-301F-11D3-BF4B-00C04F79EFBC}") = "Laboratory.Domain", "Laboratory.Domain\Laboratory.Domain.csproj", "{C941006A-3BA2-4A5B-8FF2-7CF3662A5C04}"
EndProject
Project("{FAE04EC0-301F-11D3-BF4B-00C04F79EFBC}") = "Laboratory.Domain.Shared", "Laboratory.Domain.Shared\Laboratory.Domain.Shared.csproj", "{36888D67-8FD5-4025-934B-320C948C33CB}"
EndProject
Project("{FAE04EC0-301F-11D3-BF4B-00C04F79EFBC}") = "Laboratory.Application", "Laboratory.Application\Laboratory.Application.csproj", "{CB563894-5F35-4FFD-B9D7-F06467716703}"
EndProject
Project("{FAE04EC0-301F-11D3-BF4B-00C04F79EFBC}") = "Laboratory.Application.Contracts", "Laboratory.Application.Contracts\Laboratory.Application.Contracts.csproj", "{C6871009-A06F-42FB-ADDC-1CB05DE0EA2E}"
EndProject
Project("{FAE04EC0-301F-11D3-BF4B-00C04F79EFBC}") = "Laboratory.EFCore", "Laboratory.EFCore\Laboratory.EFCore.csproj", "{7B3C9EA4-016B-492D-BC23-77CCD925E257}"
EndProject
Project("{FAE04EC0-301F-11D3-BF4B-00C04F79EFBC}") = "Laboratory.EFCore.DBMigrations", "Laboratory.EFCore.DBMigrations\Laboratory.EFCore.DBMigrations.csproj", "{BC1AC8E3-8172-457B-858E-1BAE91EB4DD1}"
EndProject
Project("{FAE04EC0-301F-11D3-BF4B-00C04F79EFBC}") = "Laboratory.EndPoint.WebApi", "Laboratory.EndPoint.WebApi\Laboratory.EndPoint.WebApi.csproj", "{43553AB6-8FEF-4C1D-AD95-D0E86E060D85}"
EndProject
Global
	GlobalSection(SolutionConfigurationPlatforms) = preSolution
		Debug|Any CPU = Debug|Any CPU
		Release|Any CPU = Release|Any CPU
	EndGlobalSection
	GlobalSection(ProjectConfigurationPlatforms) = postSolution
		{2882F4B6-BB83-468D-856B-B06EC5DB35A4}.Debug|Any CPU.ActiveCfg = Debug|Any CPU
		{2882F4B6-BB83-468D-856B-B06EC5DB35A4}.Debug|Any CPU.Build.0 = Debug|Any CPU
		{2882F4B6-BB83-468D-856B-B06EC5DB35A4}.Release|Any CPU.ActiveCfg = Release|Any CPU
		{2882F4B6-BB83-468D-856B-B06EC5DB35A4}.Release|Any CPU.Build.0 = Release|Any CPU
		{C941006A-3BA2-4A5B-8FF2-7CF3662A5C04}.Debug|Any CPU.ActiveCfg = Debug|Any CPU
		{C941006A-3BA2-4A5B-8FF2-7CF3662A5C04}.Debug|Any CPU.Build.0 = Debug|Any CPU
		{C941006A-3BA2-4A5B-8FF2-7CF3662A5C04}.Release|Any CPU.ActiveCfg = Release|Any CPU
		{C941006A-3BA2-4A5B-8FF2-7CF3662A5C04}.Release|Any CPU.Build.0 = Release|Any CPU
		{36888D67-8FD5-4025-934B-320C948C33CB}.Debug|Any CPU.ActiveCfg = Debug|Any CPU
		{36888D67-8FD5-4025-934B-320C948C33CB}.Debug|Any CPU.Build.0 = Debug|Any CPU
		{36888D67-8FD5-4025-934B-320C948C33CB}.Release|Any CPU.ActiveCfg = Release|Any CPU
		{36888D67-8FD5-4025-934B-320C948C33CB}.Release|Any CPU.Build.0 = Release|Any CPU
		{CB563894-5F35-4FFD-B9D7-F06467716703}.Debug|Any CPU.ActiveCfg = Debug|Any CPU
		{CB563894-5F35-4FFD-B9D7-F06467716703}.Debug|Any CPU.Build.0 = Debug|Any CPU
		{CB563894-5F35-4FFD-B9D7-F06467716703}.Release|Any CPU.ActiveCfg = Release|Any CPU
		{CB563894-5F35-4FFD-B9D7-F06467716703}.Release|Any CPU.Build.0 = Release|Any CPU
		{C6871009-A06F-42FB-ADDC-1CB05DE0EA2E}.Debug|Any CPU.ActiveCfg = Debug|Any CPU
		{C6871009-A06F-42FB-ADDC-1CB05DE0EA2E}.Debug|Any CPU.Build.0 = Debug|Any CPU
		{C6871009-A06F-42FB-ADDC-1CB05DE0EA2E}.Release|Any CPU.ActiveCfg = Release|Any CPU
		{C6871009-A06F-42FB-ADDC-1CB05DE0EA2E}.Release|Any CPU.Build.0 = Release|Any CPU
		{7B3C9EA4-016B-492D-BC23-77CCD925E257}.Debug|Any CPU.ActiveCfg = Debug|Any CPU
		{7B3C9EA4-016B-492D-BC23-77CCD925E257}.Debug|Any CPU.Build.0 = Debug|Any CPU
		{7B3C9EA4-016B-492D-BC23-77CCD925E257}.Release|Any CPU.ActiveCfg = Release|Any CPU
		{7B3C9EA4-016B-492D-BC23-77CCD925E257}.Release|Any CPU.Build.0 = Release|Any CPU
		{BC1AC8E3-8172-457B-858E-1BAE91EB4DD1}.Debug|Any CPU.ActiveCfg = Debug|Any CPU
		{BC1AC8E3-8172-457B-858E-1BAE91EB4DD1}.Debug|Any CPU.Build.0 = Debug|Any CPU
		{BC1AC8E3-8172-457B-858E-1BAE91EB4DD1}.Release|Any CPU.ActiveCfg = Release|Any CPU
		{BC1AC8E3-8172-457B-858E-1BAE91EB4DD1}.Release|Any CPU.Build.0 = Release|Any CPU
		{43553AB6-8FEF-4C1D-AD95-D0E86E060D85}.Debug|Any CPU.ActiveCfg = Debug|Any CPU
		{43553AB6-8FEF-4C1D-AD95-D0E86E060D85}.Debug|Any CPU.Build.0 = Debug|Any CPU
		{43553AB6-8FEF-4C1D-AD95-D0E86E060D85}.Release|Any CPU.ActiveCfg = Release|Any CPU
		{43553AB6-8FEF-4C1D-AD95-D0E86E060D85}.Release|Any CPU.Build.0 = Release|Any CPU
	EndGlobalSection
	GlobalSection(SolutionProperties) = preSolution
		HideSolutionNode = FALSE
	EndGlobalSection
	GlobalSection(NestedProjects) = preSolution
		{2882F4B6-BB83-468D-856B-B06EC5DB35A4} = {DE99194B-5DA2-4507-ACDC-1284C6A3B4C8}
		{C941006A-3BA2-4A5B-8FF2-7CF3662A5C04} = {FF552CC3-A409-45AB-8516-F3DF0FAA8966}
		{36888D67-8FD5-4025-934B-320C948C33CB} = {FF552CC3-A409-45AB-8516-F3DF0FAA8966}
		{CB563894-5F35-4FFD-B9D7-F06467716703} = {2A93B8A8-CD0D-464E-9B1B-1C5AE108D07B}
		{C6871009-A06F-42FB-ADDC-1CB05DE0EA2E} = {2A93B8A8-CD0D-464E-9B1B-1C5AE108D07B}
		{7B3C9EA4-016B-492D-BC23-77CCD925E257} = {893CB26B-270E-4FA2-B05D-872AD52FA1AF}
		{BC1AC8E3-8172-457B-858E-1BAE91EB4DD1} = {893CB26B-270E-4FA2-B05D-872AD52FA1AF}
		{43553AB6-8FEF-4C1D-AD95-D0E86E060D85} = {006F2386-E1DA-4EA9-A861-A36BDFE2AEB3}
	EndGlobalSection
	GlobalSection(ExtensibilityGlobals) = postSolution
		SolutionGuid = {AA12E4A0-F3A3-4C80-829B-875C5C4B6333}
	EndGlobalSection
EndGlobal
